# This file is automatically @generated by Cargo.
# It is not intended for manual editing.
version = 4

[[package]]
name = "futures-core"
version = "0.3.31"
source = "registry+https://github.com/rust-lang/crates.io-index"
checksum = "05f29059c0c2090612e8d742178b0580d2dc940c837851ad723096f87af6663e"

[[package]]
name = "futures-lite"
version = "2.6.0"
source = "registry+https://github.com/rust-lang/crates.io-index"
checksum = "f5edaec856126859abb19ed65f39e90fea3a9574b9707f13539acf4abf7eb532"
dependencies = [
 "futures-core",
 "pin-project-lite",
]

[[package]]
name = "oneshot"
version = "0.1.11"
source = "registry+https://github.com/rust-lang/crates.io-index"
checksum = "b4ce411919553d3f9fa53a0880544cda985a112117a0444d5ff1e870a893d6ea"

[[package]]
name = "pin-project-lite"
version = "0.2.16"
source = "registry+https://github.com/rust-lang/crates.io-index"
checksum = "3b3cff922bd51709b605d9ead9aa71031d81447142d828eb4a6eba76fe619f9b"

[[package]]
name = "pinokkio"
version = "0.1.0"
dependencies = [
 "futures-lite",
 "oneshot",
 "waker-fn",
]

[[package]]
name = "waker-fn"
version = "1.2.0"
source = "registry+https://github.com/rust-lang/crates.io-index"
checksum = "317211a0dc0ceedd78fb2ca9a44aed3d7b9b26f81870d485c07122b4350673b7"
